{
  "lockfile_version": "1",
  "packages": {
    "nodejs@latest": {
      "last_modified": "2024-01-27T14:55:31Z",
      "resolved": "github:NixOS/nixpkgs/160b762eda6d139ac10ae081f8f78d640dd523eb#nodejs_21",
      "source": "devbox-search",
      "version": "21.6.1",
      "systems": {
        "aarch64-darwin": {
          "store_path": "/nix/store/vj049qiv5cxhl4xp6vn09wd5jjg4z0cy-nodejs-21.6.1"
        },
        "aarch64-linux": {
          "store_path": "/nix/store/nyxyfn7nn685xgssfgdmg089hg1xg6ag-nodejs-21.6.1"
        },
        "x86_64-darwin": {
          "store_path": "/nix/store/nz7adglsj80d1j6b3v1g91fqj07ja7q0-nodejs-21.6.1"
        },
        "x86_64-linux": {
          "store_path": "/nix/store/nmfhr4pxgizjwdp6jnqa3l7f2bqplni3-nodejs-21.6.1"
        }
      }
    }
  }
}
